
Microsoft Visual Studio Solution File, Format Version 12.00
# Visual Studio 15
VisualStudioVersion = 15.0.27004.2005
MinimumVisualStudioVersion = 10.0.40219.1
Project("{FAE04EC0-301F-11D3-BF4B-00C04F79EFBC}") = "Draw_Graph_DGI+", "Draw_Graph_DGI+\Draw_Graph_DGI+.csproj", "{3DE55451-C471-4184-9FD8-78B3B68C4DC2}"
EndProject
Global
	GlobalSection(SolutionConfigurationPlatforms) = preSolution
		Debug|Any CPU = Debug|Any CPU
		Release|Any CPU = Release|Any CPU
	EndGlobalSection
	GlobalSection(ProjectConfigurationPlatforms) = postSolution
		{3DE55451-C471-4184-9FD8-78B3B68C4DC2}.Debug|Any CPU.ActiveCfg = Debug|Any CPU
		{3DE55451-C471-4184-9FD8-78B3B68C4DC2}.Debug|Any CPU.Build.0 = Debug|Any CPU
		{3DE55451-C471-4184-9FD8-78B3B68C4DC2}.Release|Any CPU.ActiveCfg = Release|Any CPU
		{3DE55451-C471-4184-9FD8-78B3B68C4DC2}.Release|Any CPU.Build.0 = Release|Any CPU
	EndGlobalSection
	GlobalSection(SolutionProperties) = preSolution
		HideSolutionNode = FALSE
	EndGlobalSection
	GlobalSection(ExtensibilityGlobals) = postSolution
		SolutionGuid = {D58EE673-2570-4EEA-B41C-1BE3358C239F}
	EndGlobalSection
EndGlobal
